
Microsoft Visual Studio Solution File, Format Version 12.00
# Visual Studio Version 16
VisualStudioVersion = 16.0.30204.135
MinimumVisualStudioVersion = 10.0.40219.1
Project("{FAE04EC0-301F-11D3-BF4B-00C04F79EFBC}") = "Lab7", "Lab7\Lab7.csproj", "{0730434D-35D6-47D4-96BB-CDFCEB25CD0E}"
EndProject
Global
	GlobalSection(SolutionConfigurationPlatforms) = preSolution
		Debug|Any CPU = Debug|Any CPU
		Release|Any CPU = Release|Any CPU
	EndGlobalSection
	GlobalSection(ProjectConfigurationPlatforms) = postSolution
		{0730434D-35D6-47D4-96BB-CDFCEB25CD0E}.Debug|Any CPU.ActiveCfg = Debug|Any CPU
		{0730434D-35D6-47D4-96BB-CDFCEB25CD0E}.Debug|Any CPU.Build.0 = Debug|Any CPU
		{0730434D-35D6-47D4-96BB-CDFCEB25CD0E}.Release|Any CPU.ActiveCfg = Release|Any CPU
		{0730434D-35D6-47D4-96BB-CDFCEB25CD0E}.Release|Any CPU.Build.0 = Release|Any CPU
	EndGlobalSection
	GlobalSection(SolutionProperties) = preSolution
		HideSolutionNode = FALSE
	EndGlobalSection
	GlobalSection(ExtensibilityGlobals) = postSolution
		SolutionGuid = {D384D5B0-71CF-4491-8572-17CB19548903}
	EndGlobalSection
EndGlobal
